
Microsoft Visual Studio Solution File, Format Version 12.00
# Visual Studio Version 17
VisualStudioVersion = 17.0.31903.59
MinimumVisualStudioVersion = 10.0.40219.1
Project("{2150E333-8FDC-42A3-9474-1A3956D46DE8}") = "src", "src", "{FA6AADC2-BE33-4CEE-9143-454835C5630D}"
EndProject
Project("{FAE04EC0-301F-11D3-BF4B-00C04F79EFBC}") = "brk.Todo.Domain", "src\Domain\brk.Todo.Domain.csproj", "{1623F254-B301-4110-84EE-F074D3BF0DCD}"
EndProject
Project("{2150E333-8FDC-42A3-9474-1A3956D46DE8}") = "tests", "tests", "{203D89EB-5D7B-44D1-98B5-E7D0C4174A96}"
EndProject
Project("{FAE04EC0-301F-11D3-BF4B-00C04F79EFBC}") = "brk.Todo.UnitTests", "tests\UnitTests\brk.Todo.UnitTests.csproj", "{AD38F25C-CB92-4F87-A4C2-297BECCB3331}"
EndProject
Global
	GlobalSection(SolutionConfigurationPlatforms) = preSolution
		Debug|Any CPU = Debug|Any CPU
		Release|Any CPU = Release|Any CPU
	EndGlobalSection
	GlobalSection(SolutionProperties) = preSolution
		HideSolutionNode = FALSE
	EndGlobalSection
	GlobalSection(ProjectConfigurationPlatforms) = postSolution
		{1623F254-B301-4110-84EE-F074D3BF0DCD}.Debug|Any CPU.ActiveCfg = Debug|Any CPU
		{1623F254-B301-4110-84EE-F074D3BF0DCD}.Debug|Any CPU.Build.0 = Debug|Any CPU
		{1623F254-B301-4110-84EE-F074D3BF0DCD}.Release|Any CPU.ActiveCfg = Release|Any CPU
		{1623F254-B301-4110-84EE-F074D3BF0DCD}.Release|Any CPU.Build.0 = Release|Any CPU
		{AD38F25C-CB92-4F87-A4C2-297BECCB3331}.Debug|Any CPU.ActiveCfg = Debug|Any CPU
		{AD38F25C-CB92-4F87-A4C2-297BECCB3331}.Debug|Any CPU.Build.0 = Debug|Any CPU
		{AD38F25C-CB92-4F87-A4C2-297BECCB3331}.Release|Any CPU.ActiveCfg = Release|Any CPU
		{AD38F25C-CB92-4F87-A4C2-297BECCB3331}.Release|Any CPU.Build.0 = Release|Any CPU
	EndGlobalSection
	GlobalSection(NestedProjects) = preSolution
		{1623F254-B301-4110-84EE-F074D3BF0DCD} = {FA6AADC2-BE33-4CEE-9143-454835C5630D}
		{AD38F25C-CB92-4F87-A4C2-297BECCB3331} = {203D89EB-5D7B-44D1-98B5-E7D0C4174A96}
	EndGlobalSection
EndGlobal
